
Microsoft Visual Studio Solution File, Format Version 12.00
# Visual Studio Version 17
VisualStudioVersion = 17.4.33110.190
MinimumVisualStudioVersion = 10.0.40219.1
Project("{9A19103F-16F7-4668-BE54-9A1E7A4F7556}") = "Day2", "Day2\Day2.csproj", "{53C1C6B6-0F5D-42FE-9BE2-E51B841CAEC4}"
EndProject
Project("{9A19103F-16F7-4668-BE54-9A1E7A4F7556}") = "Day1", "Day1\Day1.csproj", "{D0DC80DC-0C19-4040-A3FE-B4C7BA51CC9B}"
EndProject
Project("{9A19103F-16F7-4668-BE54-9A1E7A4F7556}") = "Day3", "Day3\Day3.csproj", "{2485B617-296C-4816-B9FC-7C7FE8275EE3}"
EndProject
Project("{9A19103F-16F7-4668-BE54-9A1E7A4F7556}") = "Day4", "Day4\Day4.csproj", "{95F007EE-990B-4D9A-B191-AF704CCCEA2C}"
EndProject
Project("{FAE04EC0-301F-11D3-BF4B-00C04F79EFBC}") = "Day5", "Day5\Day5.csproj", "{27FF6084-0966-4379-8319-E46E0D63CA58}"
EndProject
Global
	GlobalSection(SolutionConfigurationPlatforms) = preSolution
		Debug|Any CPU = Debug|Any CPU
		Release|Any CPU = Release|Any CPU
	EndGlobalSection
	GlobalSection(ProjectConfigurationPlatforms) = postSolution
		{53C1C6B6-0F5D-42FE-9BE2-E51B841CAEC4}.Debug|Any CPU.ActiveCfg = Debug|Any CPU
		{53C1C6B6-0F5D-42FE-9BE2-E51B841CAEC4}.Debug|Any CPU.Build.0 = Debug|Any CPU
		{53C1C6B6-0F5D-42FE-9BE2-E51B841CAEC4}.Release|Any CPU.ActiveCfg = Release|Any CPU
		{53C1C6B6-0F5D-42FE-9BE2-E51B841CAEC4}.Release|Any CPU.Build.0 = Release|Any CPU
		{D0DC80DC-0C19-4040-A3FE-B4C7BA51CC9B}.Debug|Any CPU.ActiveCfg = Debug|Any CPU
		{D0DC80DC-0C19-4040-A3FE-B4C7BA51CC9B}.Debug|Any CPU.Build.0 = Debug|Any CPU
		{D0DC80DC-0C19-4040-A3FE-B4C7BA51CC9B}.Release|Any CPU.ActiveCfg = Release|Any CPU
		{D0DC80DC-0C19-4040-A3FE-B4C7BA51CC9B}.Release|Any CPU.Build.0 = Release|Any CPU
		{2485B617-296C-4816-B9FC-7C7FE8275EE3}.Debug|Any CPU.ActiveCfg = Debug|Any CPU
		{2485B617-296C-4816-B9FC-7C7FE8275EE3}.Debug|Any CPU.Build.0 = Debug|Any CPU
		{2485B617-296C-4816-B9FC-7C7FE8275EE3}.Release|Any CPU.ActiveCfg = Release|Any CPU
		{2485B617-296C-4816-B9FC-7C7FE8275EE3}.Release|Any CPU.Build.0 = Release|Any CPU
		{95F007EE-990B-4D9A-B191-AF704CCCEA2C}.Debug|Any CPU.ActiveCfg = Debug|Any CPU
		{95F007EE-990B-4D9A-B191-AF704CCCEA2C}.Debug|Any CPU.Build.0 = Debug|Any CPU
		{95F007EE-990B-4D9A-B191-AF704CCCEA2C}.Release|Any CPU.ActiveCfg = Release|Any CPU
		{95F007EE-990B-4D9A-B191-AF704CCCEA2C}.Release|Any CPU.Build.0 = Release|Any CPU
		{27FF6084-0966-4379-8319-E46E0D63CA58}.Debug|Any CPU.ActiveCfg = Debug|Any CPU
		{27FF6084-0966-4379-8319-E46E0D63CA58}.Debug|Any CPU.Build.0 = Debug|Any CPU
		{27FF6084-0966-4379-8319-E46E0D63CA58}.Release|Any CPU.ActiveCfg = Release|Any CPU
		{27FF6084-0966-4379-8319-E46E0D63CA58}.Release|Any CPU.Build.0 = Release|Any CPU
	EndGlobalSection
	GlobalSection(SolutionProperties) = preSolution
		HideSolutionNode = FALSE
	EndGlobalSection
	GlobalSection(ExtensibilityGlobals) = postSolution
		SolutionGuid = {203504B3-E9E6-40A9-A047-8E4D5C3894BD}
	EndGlobalSection
EndGlobal
